// !$*UTF8*$!
{
	archiveVersion = 1;
	classes = {
	};
	objectVersion = 46;
	objects = {

/* Begin PBXBuildFile section */
		563943B41B6D00B600683E8A /* ImageViewController.swift in Sources */ = {isa = PBXBuildFile; fileRef = 563943B31B6D00B600683E8A /* ImageViewController.swift */; };
		563943B81B6D036200683E8A /* MemeManagerViewController.swift in Sources */ = {isa = PBXBuildFile; fileRef = 563943B71B6D036200683E8A /* MemeManagerViewController.swift */; };
		56A85CCA1B6C29E500B0E92C /* AppDelegate.swift in Sources */ = {isa = PBXBuildFile; fileRef = 56A85CC91B6C29E500B0E92C /* AppDelegate.swift */; };
		56A85CCD1B6C29E500B0E92C /* MemeMe.xcdatamodeld in Sources */ = {isa = PBXBuildFile; fileRef = 56A85CCB1B6C29E500B0E92C /* MemeMe.xcdatamodeld */; };
		56A85CCF1B6C29E500B0E92C /* MemeEditorViewController.swift in Sources */ = {isa = PBXBuildFile; fileRef = 56A85CCE1B6C29E500B0E92C /* MemeEditorViewController.swift */; };
		56A85CD21B6C29E500B0E92C /* Main.storyboard in Resources */ = {isa = PBXBuildFile; fileRef = 56A85CD01B6C29E500B0E92C /* Main.storyboard */; };
		56A85CD41B6C29E500B0E92C /* Images.xcassets in Resources */ = {isa = PBXBuildFile; fileRef = 56A85CD31B6C29E500B0E92C /* Images.xcassets */; };
		56A85CD71B6C29E500B0E92C /* LaunchScreen.xib in Resources */ = {isa = PBXBuildFile; fileRef = 56A85CD51B6C29E500B0E92C /* LaunchScreen.xib */; };
		56A85CE31B6C29E500B0E92C /* MemeMeTests.swift in Sources */ = {isa = PBXBuildFile; fileRef = 56A85CE21B6C29E500B0E92C /* MemeMeTests.swift */; };
		56A85CEE1B6C43D200B0E92C /* Meme.swift in Sources */ = {isa = PBXBuildFile; fileRef = 56A85CED1B6C43D200B0E92C /* Meme.swift */; };
		56A85CF01B6CC18800B0E92C /* MemeGalleryViewController.swift in Sources */ = {isa = PBXBuildFile; fileRef = 56A85CEF1B6CC18800B0E92C /* MemeGalleryViewController.swift */; };
		56A85CF21B6CCE8300B0E92C /* MemeListViewController.swift in Sources */ = {isa = PBXBuildFile; fileRef = 56A85CF11B6CCE8300B0E92C /* MemeListViewController.swift */; };
		56A85CF41B6CDD8C00B0E92C /* DisplayViewController.swift in Sources */ = {isa = PBXBuildFile; fileRef = 56A85CF31B6CDD8C00B0E92C /* DisplayViewController.swift */; };
		56A85CF61B6CE1C000B0E92C /* MemeCollectionViewCell.swift in Sources */ = {isa = PBXBuildFile; fileRef = 56A85CF51B6CE1C000B0E92C /* MemeCollectionViewCell.swift */; };
		56ED0B441B78CCEF001C0641 /* ApiKeys.plist in Resources */ = {isa = PBXBuildFile; fileRef = 56ED0B431B78CCEF001C0641 /* ApiKeys.plist */; };
/* End PBXBuildFile section */

/* Begin PBXContainerItemProxy section */
		56A85CDD1B6C29E500B0E92C /* PBXContainerItemProxy */ = {
			isa = PBXContainerItemProxy;
			containerPortal = 56A85CBC1B6C29E500B0E92C /* Project object */;
			proxyType = 1;
			remoteGlobalIDString = 56A85CC31B6C29E500B0E92C;
			remoteInfo = MemeMe;
		};
/* End PBXContainerItemProxy section */

/* Begin PBXFileReference section */
		563943B31B6D00B600683E8A /* ImageViewController.swift */ = {isa = PBXFileReference; fileEncoding = 4; lastKnownFileType = sourcecode.swift; path = ImageViewController.swift; sourceTree = "<group>"; };
		563943B71B6D036200683E8A /* MemeManagerViewController.swift */ = {isa = PBXFileReference; fileEncoding = 4; lastKnownFileType = sourcecode.swift; path = MemeManagerViewController.swift; sourceTree = "<group>"; };
		56A85CC41B6C29E500B0E92C /* MemeMe.app */ = {isa = PBXFileReference; explicitFileType = wrapper.application; includeInIndex = 0; path = MemeMe.app; sourceTree = BUILT_PRODUCTS_DIR; };
		56A85CC81B6C29E500B0E92C /* Info.plist */ = {isa = PBXFileReference; lastKnownFileType = text.plist.xml; path = Info.plist; sourceTree = "<group>"; };
		56A85CC91B6C29E500B0E92C /* AppDelegate.swift */ = {isa = PBXFileReference; lastKnownFileType = sourcecode.swift; path = AppDelegate.swift; sourceTree = "<group>"; };
		56A85CCC1B6C29E500B0E92C /* MemeMe.xcdatamodel */ = {isa = PBXFileReference; lastKnownFileType = wrapper.xcdatamodel; path = MemeMe.xcdatamodel; sourceTree = "<group>"; };
		56A85CCE1B6C29E500B0E92C /* MemeEditorViewController.swift */ = {isa = PBXFileReference; lastKnownFileType = sourcecode.swift; path = MemeEditorViewController.swift; sourceTree = "<group>"; };
		56A85CD11B6C29E500B0E92C /* Base */ = {isa = PBXFileReference; lastKnownFileType = file.storyboard; name = Base; path = Base.lproj/Main.storyboard; sourceTree = "<group>"; };
		56A85CD31B6C29E500B0E92C /* Images.xcassets */ = {isa = PBXFileReference; lastKnownFileType = folder.assetcatalog; path = Images.xcassets; sourceTree = "<group>"; };
		56A85CD61B6C29E500B0E92C /* Base */ = {isa = PBXFileReference; lastKnownFileType = file.xib; name = Base; path = Base.lproj/LaunchScreen.xib; sourceTree = "<group>"; };
		56A85CDC1B6C29E500B0E92C /* MemeMeTests.xctest */ = {isa = PBXFileReference; explicitFileType = wrapper.cfbundle; includeInIndex = 0; path = MemeMeTests.xctest; sourceTree = BUILT_PRODUCTS_DIR; };
		56A85CE11B6C29E500B0E92C /* Info.plist */ = {isa = PBXFileReference; lastKnownFileType = text.plist.xml; path = Info.plist; sourceTree = "<group>"; };
		56A85CE21B6C29E500B0E92C /* MemeMeTests.swift */ = {isa = PBXFileReference; lastKnownFileType = sourcecode.swift; path = MemeMeTests.swift; sourceTree = "<group>"; };
		56A85CED1B6C43D200B0E92C /* Meme.swift */ = {isa = PBXFileReference; fileEncoding = 4; lastKnownFileType = sourcecode.swift; name = Meme.swift; path = MemeMe/Model/Meme.swift; sourceTree = "<group>"; };
		56A85CEF1B6CC18800B0E92C /* MemeGalleryViewController.swift */ = {isa = PBXFileReference; fileEncoding = 4; lastKnownFileType = sourcecode.swift; path = MemeGalleryViewController.swift; sourceTree = "<group>"; };
		56A85CF11B6CCE8300B0E92C /* MemeListViewController.swift */ = {isa = PBXFileReference; fileEncoding = 4; lastKnownFileType = sourcecode.swift; path = MemeListViewController.swift; sourceTree = "<group>"; };
		56A85CF31B6CDD8C00B0E92C /* DisplayViewController.swift */ = {isa = PBXFileReference; fileEncoding = 4; lastKnownFileType = sourcecode.swift; path = DisplayViewController.swift; sourceTree = "<group>"; };
		56A85CF51B6CE1C000B0E92C /* MemeCollectionViewCell.swift */ = {isa = PBXFileReference; fileEncoding = 4; lastKnownFileType = sourcecode.swift; path = MemeCollectionViewCell.swift; sourceTree = "<group>"; };
		56ED0B431B78CCEF001C0641 /* ApiKeys.plist */ = {isa = PBXFileReference; fileEncoding = 4; lastKnownFileType = text.plist.xml; path = ApiKeys.plist; sourceTree = "<group>"; };
/* End PBXFileReference section */

/* Begin PBXFrameworksBuildPhase section */
		56A85CC11B6C29E500B0E92C /* Frameworks */ = {
			isa = PBXFrameworksBuildPhase;
			buildActionMask = 2147483647;
			files = (
			);
			runOnlyForDeploymentPostprocessing = 0;
		};
		56A85CD91B6C29E500B0E92C /* Frameworks */ = {
			isa = PBXFrameworksBuildPhase;
			buildActionMask = 2147483647;
			files = (
			);
			runOnlyForDeploymentPostprocessing = 0;
		};
/* End PBXFrameworksBuildPhase section */

/* Begin PBXGroup section */
		563943B51B6D00C100683E8A /* ViewController */ = {
			isa = PBXGroup;
			children = (
				563943B31B6D00B600683E8A /* ImageViewController.swift */,
				56A85CF31B6CDD8C00B0E92C /* DisplayViewController.swift */,
				56A85CF11B6CCE8300B0E92C /* MemeListViewController.swift */,
				56A85CEF1B6CC18800B0E92C /* MemeGalleryViewController.swift */,
				56A85CCE1B6C29E500B0E92C /* MemeEditorViewController.swift */,
				563943B71B6D036200683E8A /* MemeManagerViewController.swift */,
			);
			name = ViewController;
			sourceTree = "<group>";
		};
		563943B61B6D00E600683E8A /* ComponentViews */ = {
			isa = PBXGroup;
			children = (
				56A85CF51B6CE1C000B0E92C /* MemeCollectionViewCell.swift */,
			);
			name = ComponentViews;
			sourceTree = "<group>";
		};
		56A85CBB1B6C29E500B0E92C = {
			isa = PBXGroup;
			children = (
				56A85CC61B6C29E500B0E92C /* MemeMe */,
				56A85CDF1B6C29E500B0E92C /* MemeMeTests */,
				56A85CC51B6C29E500B0E92C /* Products */,
			);
			sourceTree = "<group>";
		};
		56A85CC51B6C29E500B0E92C /* Products */ = {
			isa = PBXGroup;
			children = (
				56A85CC41B6C29E500B0E92C /* MemeMe.app */,
				56A85CDC1B6C29E500B0E92C /* MemeMeTests.xctest */,
			);
			name = Products;
			sourceTree = "<group>";
		};
		56A85CC61B6C29E500B0E92C /* MemeMe */ = {
			isa = PBXGroup;
			children = (
				56A85CEC1B6C43AA00B0E92C /* Model */,
				563943B61B6D00E600683E8A /* ComponentViews */,
				563943B51B6D00C100683E8A /* ViewController */,
				56A85CC91B6C29E500B0E92C /* AppDelegate.swift */,
				56A85CD01B6C29E500B0E92C /* Main.storyboard */,
				56A85CD31B6C29E500B0E92C /* Images.xcassets */,
				56A85CD51B6C29E500B0E92C /* LaunchScreen.xib */,
				56A85CCB1B6C29E500B0E92C /* MemeMe.xcdatamodeld */,
				56A85CC71B6C29E500B0E92C /* Supporting Files */,
			);
			path = MemeMe;
			sourceTree = "<group>";
		};
		56A85CC71B6C29E500B0E92C /* Supporting Files */ = {
			isa = PBXGroup;
			children = (
				56ED0B431B78CCEF001C0641 /* ApiKeys.plist */,
				56A85CC81B6C29E500B0E92C /* Info.plist */,
			);
			name = "Supporting Files";
			sourceTree = "<group>";
		};
		56A85CDF1B6C29E500B0E92C /* MemeMeTests */ = {
			isa = PBXGroup;
			children = (
				56A85CE21B6C29E500B0E92C /* MemeMeTests.swift */,
				56A85CE01B6C29E500B0E92C /* Supporting Files */,
			);
			path = MemeMeTests;
			sourceTree = "<group>";
		};
		56A85CE01B6C29E500B0E92C /* Supporting Files */ = {
			isa = PBXGroup;
			children = (
				56A85CE11B6C29E500B0E92C /* Info.plist */,
			);
			name = "Supporting Files";
			sourceTree = "<group>";
		};
		56A85CEC1B6C43AA00B0E92C /* Model */ = {
			isa = PBXGroup;
			children = (
				56A85CED1B6C43D200B0E92C /* Meme.swift */,
			);
			name = Model;
			path = ..;
			sourceTree = "<group>";
		};
/* End PBXGroup section */

/* Begin PBXNativeTarget section */
		56A85CC31B6C29E500B0E92C /* MemeMe */ = {
			isa = PBXNativeTarget;
			buildConfigurationList = 56A85CE61B6C29E500B0E92C /* Build configuration list for PBXNativeTarget "MemeMe" */;
			buildPhases = (
				56A85CC01B6C29E500B0E92C /* Sources */,
				56A85CC11B6C29E500B0E92C /* Frameworks */,
				56A85CC21B6C29E500B0E92C /* Resources */,
			);
			buildRules = (
			);
			dependencies = (
			);
			name = MemeMe;
			productName = MemeMe;
			productReference = 56A85CC41B6C29E500B0E92C /* MemeMe.app */;
			productType = "com.apple.product-type.application";
		};
		56A85CDB1B6C29E500B0E92C /* MemeMeTests */ = {
			isa = PBXNativeTarget;
			buildConfigurationList = 56A85CE91B6C29E500B0E92C /* Build configuration list for PBXNativeTarget "MemeMeTests" */;
			buildPhases = (
				56A85CD81B6C29E500B0E92C /* Sources */,
				56A85CD91B6C29E500B0E92C /* Frameworks */,
				56A85CDA1B6C29E500B0E92C /* Resources */,
			);
			buildRules = (
			);
			dependencies = (
				56A85CDE1B6C29E500B0E92C /* PBXTargetDependency */,
			);
			name = MemeMeTests;
			productName = MemeMeTests;
			productReference = 56A85CDC1B6C29E500B0E92C /* MemeMeTests.xctest */;
			productType = "com.apple.product-type.bundle.unit-test";
		};
/* End PBXNativeTarget section */

/* Begin PBXProject section */
		56A85CBC1B6C29E500B0E92C /* Project object */ = {
			isa = PBXProject;
			attributes = {
				LastUpgradeCheck = 0640;
				ORGANIZATIONNAME = "Quintin Balsdon";
				TargetAttributes = {
					56A85CC31B6C29E500B0E92C = {
						CreatedOnToolsVersion = 6.4;
						DevelopmentTeam = GTMDCB3F3C;
					};
					56A85CDB1B6C29E500B0E92C = {
						CreatedOnToolsVersion = 6.4;
						TestTargetID = 56A85CC31B6C29E500B0E92C;
					};
				};
			};
			buildConfigurationList = 56A85CBF1B6C29E500B0E92C /* Build configuration list for PBXProject "MemeMe" */;
			compatibilityVersion = "Xcode 3.2";
			developmentRegion = English;
			hasScannedForEncodings = 0;
			knownRegions = (
				en,
				Base,
			);
			mainGroup = 56A85CBB1B6C29E500B0E92C;
			productRefGroup = 56A85CC51B6C29E500B0E92C /* Products */;
			projectDirPath = "";
			projectRoot = "";
			targets = (
				56A85CC31B6C29E500B0E92C /* MemeMe */,
				56A85CDB1B6C29E500B0E92C /* MemeMeTests */,
			);
		};
/* End PBXProject section */

/* Begin PBXResourcesBuildPhase section */
		56A85CC21B6C29E500B0E92C /* Resources */ = {
			isa = PBXResourcesBuildPhase;
			buildActionMask = 2147483647;
			files = (
				56A85CD21B6C29E500B0E92C /* Main.storyboard in Resources */,
				56ED0B441B78CCEF001C0641 /* ApiKeys.plist in Resources */,
				56A85CD71B6C29E500B0E92C /* LaunchScreen.xib in Resources */,
				56A85CD41B6C29E500B0E92C /* Images.xcassets in Resources */,
			);
			runOnlyForDeploymentPostprocessing = 0;
		};
		56A85CDA1B6C29E500B0E92C /* Resources */ = {
			isa = PBXResourcesBuildPhase;
			buildActionMask = 2147483647;
			files = (
			);
			runOnlyForDeploymentPostprocessing = 0;
		};
/* End PBXResourcesBuildPhase section */

/* Begin PBXSourcesBuildPhase section */
		56A85CC01B6C29E500B0E92C /* Sources */ = {
			isa = PBXSourcesBuildPhase;
			buildActionMask = 2147483647;
			files = (
				56A85CF01B6CC18800B0E92C /* MemeGalleryViewController.swift in Sources */,
				563943B41B6D00B600683E8A /* ImageViewController.swift in Sources */,
				56A85CF41B6CDD8C00B0E92C /* DisplayViewController.swift in Sources */,
				56A85CF61B6CE1C000B0E92C /* MemeCollectionViewCell.swift in Sources */,
				56A85CCF1B6C29E500B0E92C /* MemeEditorViewController.swift in Sources */,
				56A85CF21B6CCE8300B0E92C /* MemeListViewController.swift in Sources */,
				56A85CEE1B6C43D200B0E92C /* Meme.swift in Sources */,
				56A85CCA1B6C29E500B0E92C /* AppDelegate.swift in Sources */,
				563943B81B6D036200683E8A /* MemeManagerViewController.swift in Sources */,
				56A85CCD1B6C29E500B0E92C /* MemeMe.xcdatamodeld in Sources */,
			);
			runOnlyForDeploymentPostprocessing = 0;
		};
		56A85CD81B6C29E500B0E92C /* Sources */ = {
			isa = PBXSourcesBuildPhase;
			buildActionMask = 2147483647;
			files = (
				56A85CE31B6C29E500B0E92C /* MemeMeTests.swift in Sources */,
			);
			runOnlyForDeploymentPostprocessing = 0;
		};
/* End PBXSourcesBuildPhase section */

/* Begin PBXTargetDependency section */
		56A85CDE1B6C29E500B0E92C /* PBXTargetDependency */ = {
			isa = PBXTargetDependency;
			target = 56A85CC31B6C29E500B0E92C /* MemeMe */;
			targetProxy = 56A85CDD1B6C29E500B0E92C /* PBXContainerItemProxy */;
		};
/* End PBXTargetDependency section */

/* Begin PBXVariantGroup section */
		56A85CD01B6C29E500B0E92C /* Main.storyboard */ = {
			isa = PBXVariantGroup;
			children = (
				56A85CD11B6C29E500B0E92C /* Base */,
			);
			name = Main.storyboard;
			sourceTree = "<group>";
		};
		56A85CD51B6C29E500B0E92C /* LaunchScreen.xib */ = {
			isa = PBXVariantGroup;
			children = (
				56A85CD61B6C29E500B0E92C /* Base */,
			);
			name = LaunchScreen.xib;
			sourceTree = "<group>";
		};
/* End PBXVariantGroup section */

/* Begin XCBuildConfiguration section */
		56A85CE41B6C29E500B0E92C /* Debug */ = {
			isa = XCBuildConfiguration;
			buildSettings = {
				ALWAYS_SEARCH_USER_PATHS = NO;
				CLANG_CXX_LANGUAGE_STANDARD = "gnu++0x";
				CLANG_CXX_LIBRARY = "libc++";
				CLANG_ENABLE_MODULES = YES;
				CLANG_ENABLE_OBJC_ARC = YES;
				CLANG_WARN_BOOL_CONVERSION = YES;
				CLANG_WARN_CONSTANT_CONVERSION = YES;
				CLANG_WARN_DIRECT_OBJC_ISA_USAGE = YES_ERROR;
				CLANG_WARN_EMPTY_BODY = YES;
				CLANG_WARN_ENUM_CONVERSION = YES;
				CLANG_WARN_INT_CONVERSION = YES;
				CLANG_WARN_OBJC_ROOT_CLASS = YES_ERROR;
				CLANG_WARN_UNREACHABLE_CODE = YES;
				CLANG_WARN__DUPLICATE_METHOD_MATCH = YES;
				"CODE_SIGN_IDENTITY[sdk=iphoneos*]" = "iPhone Developer";
				COPY_PHASE_STRIP = NO;
				DEBUG_INFORMATION_FORMAT = "dwarf-with-dsym";
				ENABLE_STRICT_OBJC_MSGSEND = YES;
				GCC_C_LANGUAGE_STANDARD = gnu99;
				GCC_DYNAMIC_NO_PIC = NO;
				GCC_NO_COMMON_BLOCKS = YES;
				GCC_OPTIMIZATION_LEVEL = 0;
				GCC_PREPROCESSOR_DEFINITIONS = (
					"DEBUG=1",
					"$(inherited)",
				);
				GCC_SYMBOLS_PRIVATE_EXTERN = NO;
				GCC_WARN_64_TO_32_BIT_CONVERSION = YES;
				GCC_WARN_ABOUT_RETURN_TYPE = YES_ERROR;
				GCC_WARN_UNDECLARED_SELECTOR = YES;
				GCC_WARN_UNINITIALIZED_AUTOS = YES_AGGRESSIVE;
				GCC_WARN_UNUSED_FUNCTION = YES;
				GCC_WARN_UNUSED_VARIABLE = YES;
				IPHONEOS_DEPLOYMENT_TARGET = 8.4;
				MTL_ENABLE_DEBUG_INFO = YES;
				ONLY_ACTIVE_ARCH = YES;
				SDKROOT = iphoneos;
				SWIFT_OPTIMIZATION_LEVEL = "-Onone";
			};
			name = Debug;
		};
		56A85CE51B6C29E500B0E92C /* Release */ = {
			isa = XCBuildConfiguration;
			buildSettings = {
				ALWAYS_SEARCH_USER_PATHS = NO;
				CLANG_CXX_LANGUAGE_STANDARD = "gnu++0x";
				CLANG_CXX_LIBRARY = "libc++";
				CLANG_ENABLE_MODULES = YES;
				CLANG_ENABLE_OBJC_ARC = YES;
				CLANG_WARN_BOOL_CONVERSION = YES;
				CLANG_WARN_CONSTANT_CONVERSION = YES;
				CLANG_WARN_DIRECT_OBJC_ISA_USAGE = YES_ERROR;
				CLANG_WARN_EMPTY_BODY = YES;
				CLANG_WARN_ENUM_CONVERSION = YES;
				CLANG_WARN_INT_CONVERSION = YES;
				CLANG_WARN_OBJC_ROOT_CLASS = YES_ERROR;
				CLANG_WARN_UNREACHABLE_CODE = YES;
				CLANG_WARN__DUPLICATE_METHOD_MATCH = YES;
				"CODE_SIGN_IDENTITY[sdk=iphoneos*]" = "iPhone Developer";
				COPY_PHASE_STRIP = NO;
				DEBUG_INFORMATION_FORMAT = "dwarf-with-dsym";
				ENABLE_NS_ASSERTIONS = NO;
				ENABLE_STRICT_OBJC_MSGSEND = YES;
				GCC_C_LANGUAGE_STANDARD = gnu99;
				GCC_NO_COMMON_BLOCKS = YES;
				GCC_WARN_64_TO_32_BIT_CONVERSION = YES;
				GCC_WARN_ABOUT_RETURN_TYPE = YES_ERROR;
				GCC_WARN_UNDECLARED_SELECTOR = YES;
				GCC_WARN_UNINITIALIZED_AUTOS = YES_AGGRESSIVE;
				GCC_WARN_UNUSED_FUNCTION = YES;
				GCC_WARN_UNUSED_VARIABLE = YES;
				IPHONEOS_DEPLOYMENT_TARGET = 8.4;
				MTL_ENABLE_DEBUG_INFO = NO;
				SDKROOT = iphoneos;
				VALIDATE_PRODUCT = YES;
			};
			name = Release;
		};
		56A85CE71B6C29E500B0E92C /* Debug */ = {
			isa = XCBuildConfiguration;
			buildSettings = {
				ASSETCATALOG_COMPILER_APPICON_NAME = AppIcon;
				CODE_SIGN_IDENTITY = "iPhone Developer";
				INFOPLIST_FILE = MemeMe/Info.plist;
				LD_RUNPATH_SEARCH_PATHS = "$(inherited) @executable_path/Frameworks";
				PRODUCT_NAME = "$(TARGET_NAME)";
				TARGETED_DEVICE_FAMILY = 1;
			};
			name = Debug;
		};
		56A85CE81B6C29E500B0E92C /* Release */ = {
			isa = XCBuildConfiguration;
			buildSettings = {
				ASSETCATALOG_COMPILER_APPICON_NAME = AppIcon;
				CODE_SIGN_IDENTITY = "iPhone Developer";
				INFOPLIST_FILE = MemeMe/Info.plist;
				LD_RUNPATH_SEARCH_PATHS = "$(inherited) @executable_path/Frameworks";
				PRODUCT_NAME = "$(TARGET_NAME)";
				TARGETED_DEVICE_FAMILY = 1;
			};
			name = Release;
		};
		56A85CEA1B6C29E500B0E92C /* Debug */ = {
			isa = XCBuildConfiguration;
			buildSettings = {
				BUNDLE_LOADER = "$(TEST_HOST)";
				FRAMEWORK_SEARCH_PATHS = (
					"$(SDKROOT)/Developer/Library/Frameworks",
					"$(inherited)",
				);
				GCC_PREPROCESSOR_DEFINITIONS = (
					"DEBUG=1",
					"$(inherited)",
				);
				INFOPLIST_FILE = MemeMeTests/Info.plist;
				LD_RUNPATH_SEARCH_PATHS = "$(inherited) @executable_path/Frameworks @loader_path/Frameworks";
				PRODUCT_NAME = "$(TARGET_NAME)";
				TEST_HOST = "$(BUILT_PRODUCTS_DIR)/MemeMe.app/MemeMe";
			};
			name = Debug;
		};
		56A85CEB1B6C29E500B0E92C /* Release */ = {
			isa = XCBuildConfiguration;
			buildSettings = {
				BUNDLE_LOADER = "$(TEST_HOST)";
				FRAMEWORK_SEARCH_PATHS = (
					"$(SDKROOT)/Developer/Library/Frameworks",
					"$(inherited)",
				);
				INFOPLIST_FILE = MemeMeTests/Info.plist;
				LD_RUNPATH_SEARCH_PATHS = "$(inherited) @executable_path/Frameworks @loader_path/Frameworks";
				PRODUCT_NAME = "$(TARGET_NAME)";
				TEST_HOST = "$(BUILT_PRODUCTS_DIR)/MemeMe.app/MemeMe";
			};
			name = Release;
		};
/* End XCBuildConfiguration section */

/* Begin XCConfigurationList section */
		56A85CBF1B6C29E500B0E92C /* Build configuration list for PBXProject "MemeMe" */ = {
			isa = XCConfigurationList;
			buildConfigurations = (
				56A85CE41B6C29E500B0E92C /* Debug */,
				56A85CE51B6C29E500B0E92C /* Release */,
			);
			defaultConfigurationIsVisible = 0;
			defaultConfigurationName = Release;
		};
		56A85CE61B6C29E500B0E92C /* Build configuration list for PBXNativeTarget "MemeMe" */ = {
			isa = XCConfigurationList;
			buildConfigurations = (
				56A85CE71B6C29E500B0E92C /* Debug */,
				56A85CE81B6C29E500B0E92C /* Release */,
			);
			defaultConfigurationIsVisible = 0;
			defaultConfigurationName = Release;
		};
		56A85CE91B6C29E500B0E92C /* Build configuration list for PBXNativeTarget "MemeMeTests" */ = {
			isa = XCConfigurationList;
			buildConfigurations = (
				56A85CEA1B6C29E500B0E92C /* Debug */,
				56A85CEB1B6C29E500B0E92C /* Release */,
			);
			defaultConfigurationIsVisible = 0;
			defaultConfigurationName = Release;
		};
/* End XCConfigurationList section */

/* Begin XCVersionGroup section */
		56A85CCB1B6C29E500B0E92C /* MemeMe.xcdatamodeld */ = {
			isa = XCVersionGroup;
			children = (
				56A85CCC1B6C29E500B0E92C /* MemeMe.xcdatamodel */,
			);
			currentVersion = 56A85CCC1B6C29E500B0E92C /* MemeMe.xcdatamodel */;
			path = MemeMe.xcdatamodeld;
			sourceTree = "<group>";
			versionGroupType = wrapper.xcdatamodel;
		};
/* End XCVersionGroup section */
	};
	rootObject = 56A85CBC1B6C29E500B0E92C /* Project object */;
}
